// !$*UTF8*$!
{
	archiveVersion = 1;
	classes = {
	};
	objectVersion = 46;
	objects = {

/* Begin PBXBuildFile section */
		CC55BBD91B62734E00BE7186 /* main.m in Sources */ = {isa = PBXBuildFile; fileRef = CC55BBD81B62734E00BE7186 /* main.m */; };
		CC55BBDC1B62734E00BE7186 /* AppDelegate.m in Sources */ = {isa = PBXBuildFile; fileRef = CC55BBDB1B62734E00BE7186 /* AppDelegate.m */; };
		CC55BBDF1B62734E00BE7186 /* ViewController.m in Sources */ = {isa = PBXBuildFile; fileRef = CC55BBDE1B62734E00BE7186 /* ViewController.m */; };
		CC55BBE21B62734E00BE7186 /* Main.storyboard in Resources */ = {isa = PBXBuildFile; fileRef = CC55BBE01B62734E00BE7186 /* Main.storyboard */; };
		CC55BBE41B62734E00BE7186 /* Images.xcassets in Resources */ = {isa = PBXBuildFile; fileRef = CC55BBE31B62734E00BE7186 /* Images.xcassets */; };
		CC55BBE71B62734E00BE7186 /* LaunchScreen.xib in Resources */ = {isa = PBXBuildFile; fileRef = CC55BBE51B62734E00BE7186 /* LaunchScreen.xib */; };
		CC55BBF31B62734E00BE7186 /* InstaProwlerTests.m in Sources */ = {isa = PBXBuildFile; fileRef = CC55BBF21B62734E00BE7186 /* InstaProwlerTests.m */; };
/* End PBXBuildFile section */

/* Begin PBXContainerItemProxy section */
		CC55BBED1B62734E00BE7186 /* PBXContainerItemProxy */ = {
			isa = PBXContainerItemProxy;
			containerPortal = CC55BBCB1B62734E00BE7186 /* Project object */;
			proxyType = 1;
			remoteGlobalIDString = CC55BBD21B62734E00BE7186;
			remoteInfo = InstaProwler;
		};
/* End PBXContainerItemProxy section */

/* Begin PBXFileReference section */
		CC55BBD31B62734E00BE7186 /* InstaProwler.app */ = {isa = PBXFileReference; explicitFileType = wrapper.application; includeInIndex = 0; path = InstaProwler.app; sourceTree = BUILT_PRODUCTS_DIR; };
		CC55BBD71B62734E00BE7186 /* Info.plist */ = {isa = PBXFileReference; lastKnownFileType = text.plist.xml; path = Info.plist; sourceTree = "<group>"; };
		CC55BBD81B62734E00BE7186 /* main.m */ = {isa = PBXFileReference; lastKnownFileType = sourcecode.c.objc; path = main.m; sourceTree = "<group>"; };
		CC55BBDA1B62734E00BE7186 /* AppDelegate.h */ = {isa = PBXFileReference; lastKnownFileType = sourcecode.c.h; path = AppDelegate.h; sourceTree = "<group>"; };
		CC55BBDB1B62734E00BE7186 /* AppDelegate.m */ = {isa = PBXFileReference; lastKnownFileType = sourcecode.c.objc; path = AppDelegate.m; sourceTree = "<group>"; };
		CC55BBDD1B62734E00BE7186 /* ViewController.h */ = {isa = PBXFileReference; lastKnownFileType = sourcecode.c.h; path = ViewController.h; sourceTree = "<group>"; };
		CC55BBDE1B62734E00BE7186 /* ViewController.m */ = {isa = PBXFileReference; lastKnownFileType = sourcecode.c.objc; path = ViewController.m; sourceTree = "<group>"; };
		CC55BBE11B62734E00BE7186 /* Base */ = {isa = PBXFileReference; lastKnownFileType = file.storyboard; name = Base; path = Base.lproj/Main.storyboard; sourceTree = "<group>"; };
		CC55BBE31B62734E00BE7186 /* Images.xcassets */ = {isa = PBXFileReference; lastKnownFileType = folder.assetcatalog; path = Images.xcassets; sourceTree = "<group>"; };
		CC55BBE61B62734E00BE7186 /* Base */ = {isa = PBXFileReference; lastKnownFileType = file.xib; name = Base; path = Base.lproj/LaunchScreen.xib; sourceTree = "<group>"; };
		CC55BBEC1B62734E00BE7186 /* InstaProwlerTests.xctest */ = {isa = PBXFileReference; explicitFileType = wrapper.cfbundle; includeInIndex = 0; path = InstaProwlerTests.xctest; sourceTree = BUILT_PRODUCTS_DIR; };
		CC55BBF11B62734E00BE7186 /* Info.plist */ = {isa = PBXFileReference; lastKnownFileType = text.plist.xml; path = Info.plist; sourceTree = "<group>"; };
		CC55BBF21B62734E00BE7186 /* InstaProwlerTests.m */ = {isa = PBXFileReference; lastKnownFileType = sourcecode.c.objc; path = InstaProwlerTests.m; sourceTree = "<group>"; };
/* End PBXFileReference section */

/* Begin PBXFrameworksBuildPhase section */
		CC55BBD01B62734E00BE7186 /* Frameworks */ = {
			isa = PBXFrameworksBuildPhase;
			buildActionMask = 2147483647;
			files = (
			);
			runOnlyForDeploymentPostprocessing = 0;
		};
		CC55BBE91B62734E00BE7186 /* Frameworks */ = {
			isa = PBXFrameworksBuildPhase;
			buildActionMask = 2147483647;
			files = (
			);
			runOnlyForDeploymentPostprocessing = 0;
		};
/* End PBXFrameworksBuildPhase section */

/* Begin PBXGroup section */
		CC55BBCA1B62734E00BE7186 = {
			isa = PBXGroup;
			children = (
				CC55BBD51B62734E00BE7186 /* InstaProwler */,
				CC55BBEF1B62734E00BE7186 /* InstaProwlerTests */,
				CC55BBD41B62734E00BE7186 /* Products */,
			);
			sourceTree = "<group>";
		};
		CC55BBD41B62734E00BE7186 /* Products */ = {
			isa = PBXGroup;
			children = (
				CC55BBD31B62734E00BE7186 /* InstaProwler.app */,
				CC55BBEC1B62734E00BE7186 /* InstaProwlerTests.xctest */,
			);
			name = Products;
			sourceTree = "<group>";
		};
		CC55BBD51B62734E00BE7186 /* InstaProwler */ = {
			isa = PBXGroup;
			children = (
				CC55BBDA1B62734E00BE7186 /* AppDelegate.h */,
				CC55BBDB1B62734E00BE7186 /* AppDelegate.m */,
				CC55BBDD1B62734E00BE7186 /* ViewController.h */,
				CC55BBDE1B62734E00BE7186 /* ViewController.m */,
				CC55BBE01B62734E00BE7186 /* Main.storyboard */,
				CC55BBE31B62734E00BE7186 /* Images.xcassets */,
				CC55BBE51B62734E00BE7186 /* LaunchScreen.xib */,
				CC55BBD61B62734E00BE7186 /* Supporting Files */,
			);
			path = InstaProwler;
			sourceTree = "<group>";
		};
		CC55BBD61B62734E00BE7186 /* Supporting Files */ = {
			isa = PBXGroup;
			children = (
				CC55BBD71B62734E00BE7186 /* Info.plist */,
				CC55BBD81B62734E00BE7186 /* main.m */,
			);
			name = "Supporting Files";
			sourceTree = "<group>";
		};
		CC55BBEF1B62734E00BE7186 /* InstaProwlerTests */ = {
			isa = PBXGroup;
			children = (
				CC55BBF21B62734E00BE7186 /* InstaProwlerTests.m */,
				CC55BBF01B62734E00BE7186 /* Supporting Files */,
			);
			path = InstaProwlerTests;
			sourceTree = "<group>";
		};
		CC55BBF01B62734E00BE7186 /* Supporting Files */ = {
			isa = PBXGroup;
			children = (
				CC55BBF11B62734E00BE7186 /* Info.plist */,
			);
			name = "Supporting Files";
			sourceTree = "<group>";
		};
/* End PBXGroup section */

/* Begin PBXNativeTarget section */
		CC55BBD21B62734E00BE7186 /* InstaProwler */ = {
			isa = PBXNativeTarget;
			buildConfigurationList = CC55BBF61B62734E00BE7186 /* Build configuration list for PBXNativeTarget "InstaProwler" */;
			buildPhases = (
				CC55BBCF1B62734E00BE7186 /* Sources */,
				CC55BBD01B62734E00BE7186 /* Frameworks */,
				CC55BBD11B62734E00BE7186 /* Resources */,
			);
			buildRules = (
			);
			dependencies = (
			);
			name = InstaProwler;
			productName = InstaProwler;
			productReference = CC55BBD31B62734E00BE7186 /* InstaProwler.app */;
			productType = "com.apple.product-type.application";
		};
		CC55BBEB1B62734E00BE7186 /* InstaProwlerTests */ = {
			isa = PBXNativeTarget;
			buildConfigurationList = CC55BBF91B62734E00BE7186 /* Build configuration list for PBXNativeTarget "InstaProwlerTests" */;
			buildPhases = (
				CC55BBE81B62734E00BE7186 /* Sources */,
				CC55BBE91B62734E00BE7186 /* Frameworks */,
				CC55BBEA1B62734E00BE7186 /* Resources */,
			);
			buildRules = (
			);
			dependencies = (
				CC55BBEE1B62734E00BE7186 /* PBXTargetDependency */,
			);
			name = InstaProwlerTests;
			productName = InstaProwlerTests;
			productReference = CC55BBEC1B62734E00BE7186 /* InstaProwlerTests.xctest */;
			productType = "com.apple.product-type.bundle.unit-test";
		};
/* End PBXNativeTarget section */

/* Begin PBXProject section */
		CC55BBCB1B62734E00BE7186 /* Project object */ = {
			isa = PBXProject;
			attributes = {
				LastUpgradeCheck = 0640;
				ORGANIZATIONNAME = "Andrey Yashnev";
				TargetAttributes = {
					CC55BBD21B62734E00BE7186 = {
						CreatedOnToolsVersion = 6.4;
					};
					CC55BBEB1B62734E00BE7186 = {
						CreatedOnToolsVersion = 6.4;
						TestTargetID = CC55BBD21B62734E00BE7186;
					};
				};
			};
			buildConfigurationList = CC55BBCE1B62734E00BE7186 /* Build configuration list for PBXProject "InstaProwler" */;
			compatibilityVersion = "Xcode 3.2";
			developmentRegion = English;
			hasScannedForEncodings = 0;
			knownRegions = (
				en,
				Base,
			);
			mainGroup = CC55BBCA1B62734E00BE7186;
			productRefGroup = CC55BBD41B62734E00BE7186 /* Products */;
			projectDirPath = "";
			projectRoot = "";
			targets = (
				CC55BBD21B62734E00BE7186 /* InstaProwler */,
				CC55BBEB1B62734E00BE7186 /* InstaProwlerTests */,
			);
		};
/* End PBXProject section */

/* Begin PBXResourcesBuildPhase section */
		CC55BBD11B62734E00BE7186 /* Resources */ = {
			isa = PBXResourcesBuildPhase;
			buildActionMask = 2147483647;
			files = (
				CC55BBE21B62734E00BE7186 /* Main.storyboard in Resources */,
				CC55BBE71B62734E00BE7186 /* LaunchScreen.xib in Resources */,
				CC55BBE41B62734E00BE7186 /* Images.xcassets in Resources */,
			);
			runOnlyForDeploymentPostprocessing = 0;
		};
		CC55BBEA1B62734E00BE7186 /* Resources */ = {
			isa = PBXResourcesBuildPhase;
			buildActionMask = 2147483647;
			files = (
			);
			runOnlyForDeploymentPostprocessing = 0;
		};
/* End PBXResourcesBuildPhase section */

/* Begin PBXSourcesBuildPhase section */
		CC55BBCF1B62734E00BE7186 /* Sources */ = {
			isa = PBXSourcesBuildPhase;
			buildActionMask = 2147483647;
			files = (
				CC55BBDF1B62734E00BE7186 /* ViewController.m in Sources */,
				CC55BBDC1B62734E00BE7186 /* AppDelegate.m in Sources */,
				CC55BBD91B62734E00BE7186 /* main.m in Sources */,
			);
			runOnlyForDeploymentPostprocessing = 0;
		};
		CC55BBE81B62734E00BE7186 /* Sources */ = {
			isa = PBXSourcesBuildPhase;
			buildActionMask = 2147483647;
			files = (
				CC55BBF31B62734E00BE7186 /* InstaProwlerTests.m in Sources */,
			);
			runOnlyForDeploymentPostprocessing = 0;
		};
/* End PBXSourcesBuildPhase section */

/* Begin PBXTargetDependency section */
		CC55BBEE1B62734E00BE7186 /* PBXTargetDependency */ = {
			isa = PBXTargetDependency;
			target = CC55BBD21B62734E00BE7186 /* InstaProwler */;
			targetProxy = CC55BBED1B62734E00BE7186 /* PBXContainerItemProxy */;
		};
/* End PBXTargetDependency section */

/* Begin PBXVariantGroup section */
		CC55BBE01B62734E00BE7186 /* Main.storyboard */ = {
			isa = PBXVariantGroup;
			children = (
				CC55BBE11B62734E00BE7186 /* Base */,
			);
			name = Main.storyboard;
			sourceTree = "<group>";
		};
		CC55BBE51B62734E00BE7186 /* LaunchScreen.xib */ = {
			isa = PBXVariantGroup;
			children = (
				CC55BBE61B62734E00BE7186 /* Base */,
			);
			name = LaunchScreen.xib;
			sourceTree = "<group>";
		};
/* End PBXVariantGroup section */

/* Begin XCBuildConfiguration section */
		CC55BBF41B62734E00BE7186 /* Debug */ = {
			isa = XCBuildConfiguration;
			buildSettings = {
				ALWAYS_SEARCH_USER_PATHS = NO;
				CLANG_CXX_LANGUAGE_STANDARD = "gnu++0x";
				CLANG_CXX_LIBRARY = "libc++";
				CLANG_ENABLE_MODULES = YES;
				CLANG_ENABLE_OBJC_ARC = YES;
				CLANG_WARN_BOOL_CONVERSION = YES;
				CLANG_WARN_CONSTANT_CONVERSION = YES;
				CLANG_WARN_DIRECT_OBJC_ISA_USAGE = YES_ERROR;
				CLANG_WARN_EMPTY_BODY = YES;
				CLANG_WARN_ENUM_CONVERSION = YES;
				CLANG_WARN_INT_CONVERSION = YES;
				CLANG_WARN_OBJC_ROOT_CLASS = YES_ERROR;
				CLANG_WARN_UNREACHABLE_CODE = YES;
				CLANG_WARN__DUPLICATE_METHOD_MATCH = YES;
				"CODE_SIGN_IDENTITY[sdk=iphoneos*]" = "iPhone Developer";
				COPY_PHASE_STRIP = NO;
				DEBUG_INFORMATION_FORMAT = "dwarf-with-dsym";
				ENABLE_STRICT_OBJC_MSGSEND = YES;
				GCC_C_LANGUAGE_STANDARD = gnu99;
				GCC_DYNAMIC_NO_PIC = NO;
				GCC_NO_COMMON_BLOCKS = YES;
				GCC_OPTIMIZATION_LEVEL = 0;
				GCC_PREPROCESSOR_DEFINITIONS = (
					"DEBUG=1",
					"$(inherited)",
				);
				GCC_SYMBOLS_PRIVATE_EXTERN = NO;
				GCC_WARN_64_TO_32_BIT_CONVERSION = YES;
				GCC_WARN_ABOUT_RETURN_TYPE = YES_ERROR;
				GCC_WARN_UNDECLARED_SELECTOR = YES;
				GCC_WARN_UNINITIALIZED_AUTOS = YES_AGGRESSIVE;
				GCC_WARN_UNUSED_FUNCTION = YES;
				GCC_WARN_UNUSED_VARIABLE = YES;
				IPHONEOS_DEPLOYMENT_TARGET = 8.4;
				MTL_ENABLE_DEBUG_INFO = YES;
				ONLY_ACTIVE_ARCH = YES;
				SDKROOT = iphoneos;
			};
			name = Debug;
		};
		CC55BBF51B62734E00BE7186 /* Release */ = {
			isa = XCBuildConfiguration;
			buildSettings = {
				ALWAYS_SEARCH_USER_PATHS = NO;
				CLANG_CXX_LANGUAGE_STANDARD = "gnu++0x";
				CLANG_CXX_LIBRARY = "libc++";
				CLANG_ENABLE_MODULES = YES;
				CLANG_ENABLE_OBJC_ARC = YES;
				CLANG_WARN_BOOL_CONVERSION = YES;
				CLANG_WARN_CONSTANT_CONVERSION = YES;
				CLANG_WARN_DIRECT_OBJC_ISA_USAGE = YES_ERROR;
				CLANG_WARN_EMPTY_BODY = YES;
				CLANG_WARN_ENUM_CONVERSION = YES;
				CLANG_WARN_INT_CONVERSION = YES;
				CLANG_WARN_OBJC_ROOT_CLASS = YES_ERROR;
				CLANG_WARN_UNREACHABLE_CODE = YES;
				CLANG_WARN__DUPLICATE_METHOD_MATCH = YES;
				"CODE_SIGN_IDENTITY[sdk=iphoneos*]" = "iPhone Developer";
				COPY_PHASE_STRIP = NO;
				DEBUG_INFORMATION_FORMAT = "dwarf-with-dsym";
				ENABLE_NS_ASSERTIONS = NO;
				ENABLE_STRICT_OBJC_MSGSEND = YES;
				GCC_C_LANGUAGE_STANDARD = gnu99;
				GCC_NO_COMMON_BLOCKS = YES;
				GCC_WARN_64_TO_32_BIT_CONVERSION = YES;
				GCC_WARN_ABOUT_RETURN_TYPE = YES_ERROR;
				GCC_WARN_UNDECLARED_SELECTOR = YES;
				GCC_WARN_UNINITIALIZED_AUTOS = YES_AGGRESSIVE;
				GCC_WARN_UNUSED_FUNCTION = YES;
				GCC_WARN_UNUSED_VARIABLE = YES;
				IPHONEOS_DEPLOYMENT_TARGET = 8.4;
				MTL_ENABLE_DEBUG_INFO = NO;
				SDKROOT = iphoneos;
				VALIDATE_PRODUCT = YES;
			};
			name = Release;
		};
		CC55BBF71B62734E00BE7186 /* Debug */ = {
			isa = XCBuildConfiguration;
			buildSettings = {
				ASSETCATALOG_COMPILER_APPICON_NAME = AppIcon;
				INFOPLIST_FILE = InstaProwler/Info.plist;
				LD_RUNPATH_SEARCH_PATHS = "$(inherited) @executable_path/Frameworks";
				PRODUCT_NAME = "$(TARGET_NAME)";
			};
			name = Debug;
		};
		CC55BBF81B62734E00BE7186 /* Release */ = {
			isa = XCBuildConfiguration;
			buildSettings = {
				ASSETCATALOG_COMPILER_APPICON_NAME = AppIcon;
				INFOPLIST_FILE = InstaProwler/Info.plist;
				LD_RUNPATH_SEARCH_PATHS = "$(inherited) @executable_path/Frameworks";
				PRODUCT_NAME = "$(TARGET_NAME)";
			};
			name = Release;
		};
		CC55BBFA1B62734E00BE7186 /* Debug */ = {
			isa = XCBuildConfiguration;
			buildSettings = {
				BUNDLE_LOADER = "$(TEST_HOST)";
				FRAMEWORK_SEARCH_PATHS = (
					"$(SDKROOT)/Developer/Library/Frameworks",
					"$(inherited)",
				);
				GCC_PREPROCESSOR_DEFINITIONS = (
					"DEBUG=1",
					"$(inherited)",
				);
				INFOPLIST_FILE = InstaProwlerTests/Info.plist;
				LD_RUNPATH_SEARCH_PATHS = "$(inherited) @executable_path/Frameworks @loader_path/Frameworks";
				PRODUCT_NAME = "$(TARGET_NAME)";
				TEST_HOST = "$(BUILT_PRODUCTS_DIR)/InstaProwler.app/InstaProwler";
			};
			name = Debug;
		};
		CC55BBFB1B62734E00BE7186 /* Release */ = {
			isa = XCBuildConfiguration;
			buildSettings = {
				BUNDLE_LOADER = "$(TEST_HOST)";
				FRAMEWORK_SEARCH_PATHS = (
					"$(SDKROOT)/Developer/Library/Frameworks",
					"$(inherited)",
				);
				INFOPLIST_FILE = InstaProwlerTests/Info.plist;
				LD_RUNPATH_SEARCH_PATHS = "$(inherited) @executable_path/Frameworks @loader_path/Frameworks";
				PRODUCT_NAME = "$(TARGET_NAME)";
				TEST_HOST = "$(BUILT_PRODUCTS_DIR)/InstaProwler.app/InstaProwler";
			};
			name = Release;
		};
/* End XCBuildConfiguration section */

/* Begin XCConfigurationList section */
		CC55BBCE1B62734E00BE7186 /* Build configuration list for PBXProject "InstaProwler" */ = {
			isa = XCConfigurationList;
			buildConfigurations = (
				CC55BBF41B62734E00BE7186 /* Debug */,
				CC55BBF51B62734E00BE7186 /* Release */,
			);
			defaultConfigurationIsVisible = 0;
			defaultConfigurationName = Release;
		};
		CC55BBF61B62734E00BE7186 /* Build configuration list for PBXNativeTarget "InstaProwler" */ = {
			isa = XCConfigurationList;
			buildConfigurations = (
				CC55BBF71B62734E00BE7186 /* Debug */,
				CC55BBF81B62734E00BE7186 /* Release */,
			);
			defaultConfigurationIsVisible = 0;
		};
		CC55BBF91B62734E00BE7186 /* Build configuration list for PBXNativeTarget "InstaProwlerTests" */ = {
			isa = XCConfigurationList;
			buildConfigurations = (
				CC55BBFA1B62734E00BE7186 /* Debug */,
				CC55BBFB1B62734E00BE7186 /* Release */,
			);
			defaultConfigurationIsVisible = 0;
		};
/* End XCConfigurationList section */
	};
	rootObject = CC55BBCB1B62734E00BE7186 /* Project object */;
}
