// !$*UTF8*$!
{
	archiveVersion = 1;
	classes = {
	};
	objectVersion = 46;
	objects = {

/* Begin PBXBuildFile section */
		19EFBD8F145F036C4DCADB55 /* libPods.a in Frameworks */ = {isa = PBXBuildFile; fileRef = 41B434DE757B10B781F73484 /* libPods.a */; };
		CC55BBE71B62734E00BE7186 /* LaunchScreen.xib in Resources */ = {isa = PBXBuildFile; fileRef = CC55BBE51B62734E00BE7186 /* LaunchScreen.xib */; };
		CC55BC051B62754F00BE7186 /* AppDelegate.m in Sources */ = {isa = PBXBuildFile; fileRef = CC55BC041B62754F00BE7186 /* AppDelegate.m */; };
		CC55BC091B62759A00BE7186 /* Images.xcassets in Resources */ = {isa = PBXBuildFile; fileRef = CC55BC081B62759A00BE7186 /* Images.xcassets */; };
		CC55BC0E1B6275C200BE7186 /* main.m in Sources */ = {isa = PBXBuildFile; fileRef = CC55BC0C1B6275C200BE7186 /* main.m */; };
		CC55BC131B62773200BE7186 /* SearchViewController.m in Sources */ = {isa = PBXBuildFile; fileRef = CC55BC111B62773200BE7186 /* SearchViewController.m */; };
		CC55BC141B62773200BE7186 /* SearchViewController.xib in Resources */ = {isa = PBXBuildFile; fileRef = CC55BC121B62773200BE7186 /* SearchViewController.xib */; };
		CC55BC201B627C0A00BE7186 /* HttpServiceImpl.m in Sources */ = {isa = PBXBuildFile; fileRef = CC55BC181B627C0A00BE7186 /* HttpServiceImpl.m */; };
		CC55BC211B627C0A00BE7186 /* NotificationHandler.m in Sources */ = {isa = PBXBuildFile; fileRef = CC55BC1B1B627C0A00BE7186 /* NotificationHandler.m */; };
		CC55BC221B627C0A00BE7186 /* QueueServiceImpl.m in Sources */ = {isa = PBXBuildFile; fileRef = CC55BC1F1B627C0A00BE7186 /* QueueServiceImpl.m */; };
		CC8E1C9C1B627E6D00F1F1F3 /* UIApplication+Additions.m in Sources */ = {isa = PBXBuildFile; fileRef = CC8E1C9B1B627E6D00F1F1F3 /* UIApplication+Additions.m */; };
		CC8E1C9F1B627F4400F1F1F3 /* ServicesObjectionModule.m in Sources */ = {isa = PBXBuildFile; fileRef = CC8E1C9E1B627F4400F1F1F3 /* ServicesObjectionModule.m */; };
		CC8E1CA41B62800500F1F1F3 /* InstagramServiceImpl.m in Sources */ = {isa = PBXBuildFile; fileRef = CC8E1CA31B62800500F1F1F3 /* InstagramServiceImpl.m */; };
		CC8E1CA71B63CCEC00F1F1F3 /* InstagramUser.m in Sources */ = {isa = PBXBuildFile; fileRef = CC8E1CA61B63CCEC00F1F1F3 /* InstagramUser.m */; };
		CC8E1CAA1B63D58F00F1F1F3 /* InstagramMediaItem.m in Sources */ = {isa = PBXBuildFile; fileRef = CC8E1CA91B63D58F00F1F1F3 /* InstagramMediaItem.m */; };
		CC8E1CAF1B63E65700F1F1F3 /* ModelsObjectionModule.m in Sources */ = {isa = PBXBuildFile; fileRef = CC8E1CAE1B63E65700F1F1F3 /* ModelsObjectionModule.m */; };
		CC8E1CB31B63E6E500F1F1F3 /* InstagramMediaItemsModelImpl.m in Sources */ = {isa = PBXBuildFile; fileRef = CC8E1CB21B63E6E500F1F1F3 /* InstagramMediaItemsModelImpl.m */; };
		CC8E1CBD1B667B4F00F1F1F3 /* MediaFeedViewController.m in Sources */ = {isa = PBXBuildFile; fileRef = CC8E1CBB1B667B4F00F1F1F3 /* MediaFeedViewController.m */; };
		CC8E1CBE1B667B4F00F1F1F3 /* MediaFeedViewController.xib in Resources */ = {isa = PBXBuildFile; fileRef = CC8E1CBC1B667B4F00F1F1F3 /* MediaFeedViewController.xib */; };
		CC8E1CC21B667C0800F1F1F3 /* MediaFeedCell.m in Sources */ = {isa = PBXBuildFile; fileRef = CC8E1CC01B667C0800F1F1F3 /* MediaFeedCell.m */; };
		CC8E1CC31B667C0800F1F1F3 /* MediaFeedCell.xib in Resources */ = {isa = PBXBuildFile; fileRef = CC8E1CC11B667C0800F1F1F3 /* MediaFeedCell.xib */; };
		CC8E1CC61B667EBE00F1F1F3 /* UIView+Additions.m in Sources */ = {isa = PBXBuildFile; fileRef = CC8E1CC51B667EBE00F1F1F3 /* UIView+Additions.m */; };
		CC8E1CC91B66827E00F1F1F3 /* MediaItemCommentsView.m in Sources */ = {isa = PBXBuildFile; fileRef = CC8E1CC81B66827E00F1F1F3 /* MediaItemCommentsView.m */; };
		CC8E1CCC1B66941500F1F1F3 /* NSError+Additions.m in Sources */ = {isa = PBXBuildFile; fileRef = CC8E1CCB1B66941500F1F1F3 /* NSError+Additions.m */; };
		CC8E1CD11B6698A700F1F1F3 /* ImageDownloadModelImpl.m in Sources */ = {isa = PBXBuildFile; fileRef = CC8E1CD01B6698A700F1F1F3 /* ImageDownloadModelImpl.m */; };
		CC8E1CD41B66B3BD00F1F1F3 /* ImageDownloadProgressTicket.m in Sources */ = {isa = PBXBuildFile; fileRef = CC8E1CD31B66B3BD00F1F1F3 /* ImageDownloadProgressTicket.m */; };
/* End PBXBuildFile section */

/* Begin PBXFileReference section */
		419FFF3CB4A045994EBF5D99 /* Pods.debug.xcconfig */ = {isa = PBXFileReference; includeInIndex = 1; lastKnownFileType = text.xcconfig; name = Pods.debug.xcconfig; path = "Pods/Target Support Files/Pods/Pods.debug.xcconfig"; sourceTree = "<group>"; };
		41B434DE757B10B781F73484 /* libPods.a */ = {isa = PBXFileReference; explicitFileType = archive.ar; includeInIndex = 0; path = libPods.a; sourceTree = BUILT_PRODUCTS_DIR; };
		BA19EC0AB082CCFCA7D7A536 /* Pods.release.xcconfig */ = {isa = PBXFileReference; includeInIndex = 1; lastKnownFileType = text.xcconfig; name = Pods.release.xcconfig; path = "Pods/Target Support Files/Pods/Pods.release.xcconfig"; sourceTree = "<group>"; };
		CC55BBD31B62734E00BE7186 /* InstaProwler.app */ = {isa = PBXFileReference; explicitFileType = wrapper.application; includeInIndex = 0; path = InstaProwler.app; sourceTree = BUILT_PRODUCTS_DIR; };
		CC55BBE61B62734E00BE7186 /* Base */ = {isa = PBXFileReference; lastKnownFileType = file.xib; name = Base; path = Base.lproj/LaunchScreen.xib; sourceTree = "<group>"; };
		CC55BC031B62754F00BE7186 /* AppDelegate.h */ = {isa = PBXFileReference; fileEncoding = 4; lastKnownFileType = sourcecode.c.h; path = AppDelegate.h; sourceTree = "<group>"; };
		CC55BC041B62754F00BE7186 /* AppDelegate.m */ = {isa = PBXFileReference; fileEncoding = 4; lastKnownFileType = sourcecode.c.objc; path = AppDelegate.m; sourceTree = "<group>"; };
		CC55BC081B62759A00BE7186 /* Images.xcassets */ = {isa = PBXFileReference; lastKnownFileType = folder.assetcatalog; path = Images.xcassets; sourceTree = "<group>"; };
		CC55BC0B1B6275C200BE7186 /* Info.plist */ = {isa = PBXFileReference; fileEncoding = 4; lastKnownFileType = text.plist.xml; path = Info.plist; sourceTree = "<group>"; };
		CC55BC0C1B6275C200BE7186 /* main.m */ = {isa = PBXFileReference; fileEncoding = 4; lastKnownFileType = sourcecode.c.objc; path = main.m; sourceTree = "<group>"; };
		CC55BC101B62773200BE7186 /* SearchViewController.h */ = {isa = PBXFileReference; fileEncoding = 4; lastKnownFileType = sourcecode.c.h; path = SearchViewController.h; sourceTree = "<group>"; };
		CC55BC111B62773200BE7186 /* SearchViewController.m */ = {isa = PBXFileReference; fileEncoding = 4; lastKnownFileType = sourcecode.c.objc; path = SearchViewController.m; sourceTree = "<group>"; };
		CC55BC121B62773200BE7186 /* SearchViewController.xib */ = {isa = PBXFileReference; fileEncoding = 4; lastKnownFileType = file.xib; path = SearchViewController.xib; sourceTree = "<group>"; };
		CC55BC161B627C0A00BE7186 /* HttpService.h */ = {isa = PBXFileReference; fileEncoding = 4; lastKnownFileType = sourcecode.c.h; path = HttpService.h; sourceTree = "<group>"; };
		CC55BC171B627C0A00BE7186 /* HttpServiceImpl.h */ = {isa = PBXFileReference; fileEncoding = 4; lastKnownFileType = sourcecode.c.h; path = HttpServiceImpl.h; sourceTree = "<group>"; };
		CC55BC181B627C0A00BE7186 /* HttpServiceImpl.m */ = {isa = PBXFileReference; fileEncoding = 4; lastKnownFileType = sourcecode.c.objc; path = HttpServiceImpl.m; sourceTree = "<group>"; };
		CC55BC1A1B627C0A00BE7186 /* NotificationHandler.h */ = {isa = PBXFileReference; fileEncoding = 4; lastKnownFileType = sourcecode.c.h; path = NotificationHandler.h; sourceTree = "<group>"; };
		CC55BC1B1B627C0A00BE7186 /* NotificationHandler.m */ = {isa = PBXFileReference; fileEncoding = 4; lastKnownFileType = sourcecode.c.objc; path = NotificationHandler.m; sourceTree = "<group>"; };
		CC55BC1D1B627C0A00BE7186 /* QueueService.h */ = {isa = PBXFileReference; fileEncoding = 4; lastKnownFileType = sourcecode.c.h; path = QueueService.h; sourceTree = "<group>"; };
		CC55BC1E1B627C0A00BE7186 /* QueueServiceImpl.h */ = {isa = PBXFileReference; fileEncoding = 4; lastKnownFileType = sourcecode.c.h; path = QueueServiceImpl.h; sourceTree = "<group>"; };
		CC55BC1F1B627C0A00BE7186 /* QueueServiceImpl.m */ = {isa = PBXFileReference; fileEncoding = 4; lastKnownFileType = sourcecode.c.objc; path = QueueServiceImpl.m; sourceTree = "<group>"; };
		CC8E1C9A1B627E6D00F1F1F3 /* UIApplication+Additions.h */ = {isa = PBXFileReference; fileEncoding = 4; lastKnownFileType = sourcecode.c.h; path = "UIApplication+Additions.h"; sourceTree = "<group>"; };
		CC8E1C9B1B627E6D00F1F1F3 /* UIApplication+Additions.m */ = {isa = PBXFileReference; fileEncoding = 4; lastKnownFileType = sourcecode.c.objc; path = "UIApplication+Additions.m"; sourceTree = "<group>"; };
		CC8E1C9D1B627F4400F1F1F3 /* ServicesObjectionModule.h */ = {isa = PBXFileReference; fileEncoding = 4; lastKnownFileType = sourcecode.c.h; path = ServicesObjectionModule.h; sourceTree = "<group>"; };
		CC8E1C9E1B627F4400F1F1F3 /* ServicesObjectionModule.m */ = {isa = PBXFileReference; fileEncoding = 4; lastKnownFileType = sourcecode.c.objc; path = ServicesObjectionModule.m; sourceTree = "<group>"; };
		CC8E1CA11B627FF000F1F1F3 /* InstagramService.h */ = {isa = PBXFileReference; fileEncoding = 4; lastKnownFileType = sourcecode.c.h; path = InstagramService.h; sourceTree = "<group>"; };
		CC8E1CA21B62800500F1F1F3 /* InstagramServiceImpl.h */ = {isa = PBXFileReference; fileEncoding = 4; lastKnownFileType = sourcecode.c.h; path = InstagramServiceImpl.h; sourceTree = "<group>"; };
		CC8E1CA31B62800500F1F1F3 /* InstagramServiceImpl.m */ = {isa = PBXFileReference; fileEncoding = 4; lastKnownFileType = sourcecode.c.objc; path = InstagramServiceImpl.m; sourceTree = "<group>"; };
		CC8E1CA51B63CCEC00F1F1F3 /* InstagramUser.h */ = {isa = PBXFileReference; fileEncoding = 4; lastKnownFileType = sourcecode.c.h; path = InstagramUser.h; sourceTree = "<group>"; };
		CC8E1CA61B63CCEC00F1F1F3 /* InstagramUser.m */ = {isa = PBXFileReference; fileEncoding = 4; lastKnownFileType = sourcecode.c.objc; path = InstagramUser.m; sourceTree = "<group>"; };
		CC8E1CA81B63D58F00F1F1F3 /* InstagramMediaItem.h */ = {isa = PBXFileReference; fileEncoding = 4; lastKnownFileType = sourcecode.c.h; path = InstagramMediaItem.h; sourceTree = "<group>"; };
		CC8E1CA91B63D58F00F1F1F3 /* InstagramMediaItem.m */ = {isa = PBXFileReference; fileEncoding = 4; lastKnownFileType = sourcecode.c.objc; path = InstagramMediaItem.m; sourceTree = "<group>"; };
		CC8E1CAD1B63E65700F1F1F3 /* ModelsObjectionModule.h */ = {isa = PBXFileReference; fileEncoding = 4; lastKnownFileType = sourcecode.c.h; path = ModelsObjectionModule.h; sourceTree = "<group>"; };
		CC8E1CAE1B63E65700F1F1F3 /* ModelsObjectionModule.m */ = {isa = PBXFileReference; fileEncoding = 4; lastKnownFileType = sourcecode.c.objc; path = ModelsObjectionModule.m; sourceTree = "<group>"; };
		CC8E1CB01B63E6CE00F1F1F3 /* InstagramMediaItemsModel.h */ = {isa = PBXFileReference; fileEncoding = 4; lastKnownFileType = sourcecode.c.h; path = InstagramMediaItemsModel.h; sourceTree = "<group>"; };
		CC8E1CB11B63E6E500F1F1F3 /* InstagramMediaItemsModelImpl.h */ = {isa = PBXFileReference; fileEncoding = 4; lastKnownFileType = sourcecode.c.h; path = InstagramMediaItemsModelImpl.h; sourceTree = "<group>"; };
		CC8E1CB21B63E6E500F1F1F3 /* InstagramMediaItemsModelImpl.m */ = {isa = PBXFileReference; fileEncoding = 4; lastKnownFileType = sourcecode.c.objc; path = InstagramMediaItemsModelImpl.m; sourceTree = "<group>"; };
		CC8E1CBA1B667B4F00F1F1F3 /* MediaFeedViewController.h */ = {isa = PBXFileReference; fileEncoding = 4; lastKnownFileType = sourcecode.c.h; path = MediaFeedViewController.h; sourceTree = "<group>"; };
		CC8E1CBB1B667B4F00F1F1F3 /* MediaFeedViewController.m */ = {isa = PBXFileReference; fileEncoding = 4; lastKnownFileType = sourcecode.c.objc; path = MediaFeedViewController.m; sourceTree = "<group>"; };
		CC8E1CBC1B667B4F00F1F1F3 /* MediaFeedViewController.xib */ = {isa = PBXFileReference; fileEncoding = 4; lastKnownFileType = file.xib; path = MediaFeedViewController.xib; sourceTree = "<group>"; };
		CC8E1CBF1B667C0800F1F1F3 /* MediaFeedCell.h */ = {isa = PBXFileReference; fileEncoding = 4; lastKnownFileType = sourcecode.c.h; path = MediaFeedCell.h; sourceTree = "<group>"; };
		CC8E1CC01B667C0800F1F1F3 /* MediaFeedCell.m */ = {isa = PBXFileReference; fileEncoding = 4; lastKnownFileType = sourcecode.c.objc; path = MediaFeedCell.m; sourceTree = "<group>"; };
		CC8E1CC11B667C0800F1F1F3 /* MediaFeedCell.xib */ = {isa = PBXFileReference; fileEncoding = 4; lastKnownFileType = file.xib; path = MediaFeedCell.xib; sourceTree = "<group>"; };
		CC8E1CC41B667EBE00F1F1F3 /* UIView+Additions.h */ = {isa = PBXFileReference; fileEncoding = 4; lastKnownFileType = sourcecode.c.h; path = "UIView+Additions.h"; sourceTree = "<group>"; };
		CC8E1CC51B667EBE00F1F1F3 /* UIView+Additions.m */ = {isa = PBXFileReference; fileEncoding = 4; lastKnownFileType = sourcecode.c.objc; path = "UIView+Additions.m"; sourceTree = "<group>"; };
		CC8E1CC71B66827E00F1F1F3 /* MediaItemCommentsView.h */ = {isa = PBXFileReference; fileEncoding = 4; lastKnownFileType = sourcecode.c.h; path = MediaItemCommentsView.h; sourceTree = "<group>"; };
		CC8E1CC81B66827E00F1F1F3 /* MediaItemCommentsView.m */ = {isa = PBXFileReference; fileEncoding = 4; lastKnownFileType = sourcecode.c.objc; path = MediaItemCommentsView.m; sourceTree = "<group>"; };
		CC8E1CCA1B66941500F1F1F3 /* NSError+Additions.h */ = {isa = PBXFileReference; fileEncoding = 4; lastKnownFileType = sourcecode.c.h; path = "NSError+Additions.h"; sourceTree = "<group>"; };
		CC8E1CCB1B66941500F1F1F3 /* NSError+Additions.m */ = {isa = PBXFileReference; fileEncoding = 4; lastKnownFileType = sourcecode.c.objc; path = "NSError+Additions.m"; sourceTree = "<group>"; };
		CC8E1CCE1B66989900F1F1F3 /* ImageDownloadModel.h */ = {isa = PBXFileReference; fileEncoding = 4; lastKnownFileType = sourcecode.c.h; path = ImageDownloadModel.h; sourceTree = "<group>"; };
		CC8E1CCF1B6698A700F1F1F3 /* ImageDownloadModelImpl.h */ = {isa = PBXFileReference; fileEncoding = 4; lastKnownFileType = sourcecode.c.h; path = ImageDownloadModelImpl.h; sourceTree = "<group>"; };
		CC8E1CD01B6698A700F1F1F3 /* ImageDownloadModelImpl.m */ = {isa = PBXFileReference; fileEncoding = 4; lastKnownFileType = sourcecode.c.objc; path = ImageDownloadModelImpl.m; sourceTree = "<group>"; };
		CC8E1CD21B66B3BD00F1F1F3 /* ImageDownloadProgressTicket.h */ = {isa = PBXFileReference; fileEncoding = 4; lastKnownFileType = sourcecode.c.h; path = ImageDownloadProgressTicket.h; sourceTree = "<group>"; };
		CC8E1CD31B66B3BD00F1F1F3 /* ImageDownloadProgressTicket.m */ = {isa = PBXFileReference; fileEncoding = 4; lastKnownFileType = sourcecode.c.objc; path = ImageDownloadProgressTicket.m; sourceTree = "<group>"; };
/* End PBXFileReference section */

/* Begin PBXFrameworksBuildPhase section */
		CC55BBD01B62734E00BE7186 /* Frameworks */ = {
			isa = PBXFrameworksBuildPhase;
			buildActionMask = 2147483647;
			files = (
				19EFBD8F145F036C4DCADB55 /* libPods.a in Frameworks */,
			);
			runOnlyForDeploymentPostprocessing = 0;
		};
/* End PBXFrameworksBuildPhase section */

/* Begin PBXGroup section */
		999CFA6CF94B92477952A993 /* Frameworks */ = {
			isa = PBXGroup;
			children = (
				41B434DE757B10B781F73484 /* libPods.a */,
			);
			name = Frameworks;
			sourceTree = "<group>";
		};
		CC55BBCA1B62734E00BE7186 = {
			isa = PBXGroup;
			children = (
				CC55BBD51B62734E00BE7186 /* InstaProwler */,
				CC55BBD41B62734E00BE7186 /* Products */,
				CD61A8C08950774727A0DA99 /* Pods */,
				999CFA6CF94B92477952A993 /* Frameworks */,
			);
			sourceTree = "<group>";
		};
		CC55BBD41B62734E00BE7186 /* Products */ = {
			isa = PBXGroup;
			children = (
				CC55BBD31B62734E00BE7186 /* InstaProwler.app */,
			);
			name = Products;
			sourceTree = "<group>";
		};
		CC55BBD51B62734E00BE7186 /* InstaProwler */ = {
			isa = PBXGroup;
			children = (
				CC55BC021B62751C00BE7186 /* Resources */,
				CC55BBFD1B62750B00BE7186 /* Sources */,
				CC55BC0A1B6275C200BE7186 /* Supporting Files */,
			);
			path = InstaProwler;
			sourceTree = "<group>";
		};
		CC55BBFD1B62750B00BE7186 /* Sources */ = {
			isa = PBXGroup;
			children = (
				CC8E1CAB1B63E63300F1F1F3 /* Models */,
				CC8E1C991B627E5800F1F1F3 /* Categories */,
				CC55BBFE1B62750B00BE7186 /* General */,
				CC55BBFF1B62750B00BE7186 /* Interface */,
				CC55BC001B62750B00BE7186 /* Services */,
			);
			path = Sources;
			sourceTree = "<group>";
		};
		CC55BBFE1B62750B00BE7186 /* General */ = {
			isa = PBXGroup;
			children = (
				CC55BC031B62754F00BE7186 /* AppDelegate.h */,
				CC55BC041B62754F00BE7186 /* AppDelegate.m */,
			);
			path = General;
			sourceTree = "<group>";
		};
		CC55BBFF1B62750B00BE7186 /* Interface */ = {
			isa = PBXGroup;
			children = (
				CC8E1CB91B667B4200F1F1F3 /* MediaFeed */,
				CC55BC0F1B62771600BE7186 /* Search */,
			);
			path = Interface;
			sourceTree = "<group>";
		};
		CC55BC001B62750B00BE7186 /* Services */ = {
			isa = PBXGroup;
			children = (
				CC8E1C9D1B627F4400F1F1F3 /* ServicesObjectionModule.h */,
				CC8E1C9E1B627F4400F1F1F3 /* ServicesObjectionModule.m */,
				CC55BC011B62750B00BE7186 /* Infrastructure */,
				CC8E1CA01B627FD100F1F1F3 /* Domain */,
			);
			path = Services;
			sourceTree = "<group>";
		};
		CC55BC011B62750B00BE7186 /* Infrastructure */ = {
			isa = PBXGroup;
			children = (
				CC55BC151B627C0A00BE7186 /* HttpService */,
				CC55BC191B627C0A00BE7186 /* NotificationService */,
				CC55BC1C1B627C0A00BE7186 /* QueueService */,
			);
			path = Infrastructure;
			sourceTree = "<group>";
		};
		CC55BC021B62751C00BE7186 /* Resources */ = {
			isa = PBXGroup;
			children = (
				CC55BC071B62759A00BE7186 /* Assets */,
				CC55BC061B62757500BE7186 /* Interface */,
			);
			path = Resources;
			sourceTree = "<group>";
		};
		CC55BC061B62757500BE7186 /* Interface */ = {
			isa = PBXGroup;
			children = (
				CC55BBE51B62734E00BE7186 /* LaunchScreen.xib */,
			);
			path = Interface;
			sourceTree = "<group>";
		};
		CC55BC071B62759A00BE7186 /* Assets */ = {
			isa = PBXGroup;
			children = (
				CC55BC081B62759A00BE7186 /* Images.xcassets */,
			);
			path = Assets;
			sourceTree = "<group>";
		};
		CC55BC0A1B6275C200BE7186 /* Supporting Files */ = {
			isa = PBXGroup;
			children = (
				CC55BC0B1B6275C200BE7186 /* Info.plist */,
				CC55BC0C1B6275C200BE7186 /* main.m */,
			);
			path = "Supporting Files";
			sourceTree = "<group>";
		};
		CC55BC0F1B62771600BE7186 /* Search */ = {
			isa = PBXGroup;
			children = (
				CC55BC101B62773200BE7186 /* SearchViewController.h */,
				CC55BC111B62773200BE7186 /* SearchViewController.m */,
				CC55BC121B62773200BE7186 /* SearchViewController.xib */,
			);
			path = Search;
			sourceTree = "<group>";
		};
		CC55BC151B627C0A00BE7186 /* HttpService */ = {
			isa = PBXGroup;
			children = (
				CC55BC161B627C0A00BE7186 /* HttpService.h */,
				CC55BC171B627C0A00BE7186 /* HttpServiceImpl.h */,
				CC55BC181B627C0A00BE7186 /* HttpServiceImpl.m */,
			);
			path = HttpService;
			sourceTree = "<group>";
		};
		CC55BC191B627C0A00BE7186 /* NotificationService */ = {
			isa = PBXGroup;
			children = (
				CC55BC1A1B627C0A00BE7186 /* NotificationHandler.h */,
				CC55BC1B1B627C0A00BE7186 /* NotificationHandler.m */,
			);
			path = NotificationService;
			sourceTree = "<group>";
		};
		CC55BC1C1B627C0A00BE7186 /* QueueService */ = {
			isa = PBXGroup;
			children = (
				CC55BC1D1B627C0A00BE7186 /* QueueService.h */,
				CC55BC1E1B627C0A00BE7186 /* QueueServiceImpl.h */,
				CC55BC1F1B627C0A00BE7186 /* QueueServiceImpl.m */,
			);
			path = QueueService;
			sourceTree = "<group>";
		};
		CC8E1C991B627E5800F1F1F3 /* Categories */ = {
			isa = PBXGroup;
			children = (
				CC8E1CC41B667EBE00F1F1F3 /* UIView+Additions.h */,
				CC8E1CC51B667EBE00F1F1F3 /* UIView+Additions.m */,
				CC8E1C9A1B627E6D00F1F1F3 /* UIApplication+Additions.h */,
				CC8E1C9B1B627E6D00F1F1F3 /* UIApplication+Additions.m */,
				CC8E1CCA1B66941500F1F1F3 /* NSError+Additions.h */,
				CC8E1CCB1B66941500F1F1F3 /* NSError+Additions.m */,
			);
			path = Categories;
			sourceTree = "<group>";
		};
		CC8E1CA01B627FD100F1F1F3 /* Domain */ = {
			isa = PBXGroup;
			children = (
				CC8E1CA11B627FF000F1F1F3 /* InstagramService.h */,
				CC8E1CA21B62800500F1F1F3 /* InstagramServiceImpl.h */,
				CC8E1CA31B62800500F1F1F3 /* InstagramServiceImpl.m */,
				CC8E1CA51B63CCEC00F1F1F3 /* InstagramUser.h */,
				CC8E1CA61B63CCEC00F1F1F3 /* InstagramUser.m */,
				CC8E1CA81B63D58F00F1F1F3 /* InstagramMediaItem.h */,
				CC8E1CA91B63D58F00F1F1F3 /* InstagramMediaItem.m */,
			);
			path = Domain;
			sourceTree = "<group>";
		};
		CC8E1CAB1B63E63300F1F1F3 /* Models */ = {
			isa = PBXGroup;
			children = (
				CC8E1CCD1B66988700F1F1F3 /* ImageDownloadModel */,
				CC8E1CAC1B63E63300F1F1F3 /* InstagramMediaItemsModel */,
				CC8E1CAD1B63E65700F1F1F3 /* ModelsObjectionModule.h */,
				CC8E1CAE1B63E65700F1F1F3 /* ModelsObjectionModule.m */,
			);
			path = Models;
			sourceTree = "<group>";
		};
		CC8E1CAC1B63E63300F1F1F3 /* InstagramMediaItemsModel */ = {
			isa = PBXGroup;
			children = (
				CC8E1CB01B63E6CE00F1F1F3 /* InstagramMediaItemsModel.h */,
				CC8E1CB11B63E6E500F1F1F3 /* InstagramMediaItemsModelImpl.h */,
				CC8E1CB21B63E6E500F1F1F3 /* InstagramMediaItemsModelImpl.m */,
			);
			path = InstagramMediaItemsModel;
			sourceTree = "<group>";
		};
		CC8E1CB91B667B4200F1F1F3 /* MediaFeed */ = {
			isa = PBXGroup;
			children = (
				CC8E1CBA1B667B4F00F1F1F3 /* MediaFeedViewController.h */,
				CC8E1CBB1B667B4F00F1F1F3 /* MediaFeedViewController.m */,
				CC8E1CBC1B667B4F00F1F1F3 /* MediaFeedViewController.xib */,
				CC8E1CBF1B667C0800F1F1F3 /* MediaFeedCell.h */,
				CC8E1CC01B667C0800F1F1F3 /* MediaFeedCell.m */,
				CC8E1CC11B667C0800F1F1F3 /* MediaFeedCell.xib */,
				CC8E1CC71B66827E00F1F1F3 /* MediaItemCommentsView.h */,
				CC8E1CC81B66827E00F1F1F3 /* MediaItemCommentsView.m */,
			);
			path = MediaFeed;
			sourceTree = "<group>";
		};
		CC8E1CCD1B66988700F1F1F3 /* ImageDownloadModel */ = {
			isa = PBXGroup;
			children = (
				CC8E1CCE1B66989900F1F1F3 /* ImageDownloadModel.h */,
				CC8E1CCF1B6698A700F1F1F3 /* ImageDownloadModelImpl.h */,
				CC8E1CD01B6698A700F1F1F3 /* ImageDownloadModelImpl.m */,
				CC8E1CD21B66B3BD00F1F1F3 /* ImageDownloadProgressTicket.h */,
				CC8E1CD31B66B3BD00F1F1F3 /* ImageDownloadProgressTicket.m */,
			);
			path = ImageDownloadModel;
			sourceTree = "<group>";
		};
		CD61A8C08950774727A0DA99 /* Pods */ = {
			isa = PBXGroup;
			children = (
				419FFF3CB4A045994EBF5D99 /* Pods.debug.xcconfig */,
				BA19EC0AB082CCFCA7D7A536 /* Pods.release.xcconfig */,
			);
			name = Pods;
			sourceTree = "<group>";
		};
/* End PBXGroup section */

/* Begin PBXNativeTarget section */
		CC55BBD21B62734E00BE7186 /* InstaProwler */ = {
			isa = PBXNativeTarget;
			buildConfigurationList = CC55BBF61B62734E00BE7186 /* Build configuration list for PBXNativeTarget "InstaProwler" */;
			buildPhases = (
				F0BF45556B286F1C2F677798 /* Check Pods Manifest.lock */,
				CC55BBCF1B62734E00BE7186 /* Sources */,
				CC55BBD01B62734E00BE7186 /* Frameworks */,
				CC55BBD11B62734E00BE7186 /* Resources */,
				440F2BCF828108201F3AD25D /* Copy Pods Resources */,
			);
			buildRules = (
			);
			dependencies = (
			);
			name = InstaProwler;
			productName = InstaProwler;
			productReference = CC55BBD31B62734E00BE7186 /* InstaProwler.app */;
			productType = "com.apple.product-type.application";
		};
/* End PBXNativeTarget section */

/* Begin PBXProject section */
		CC55BBCB1B62734E00BE7186 /* Project object */ = {
			isa = PBXProject;
			attributes = {
				LastUpgradeCheck = 0640;
				ORGANIZATIONNAME = "Andrey Yashnev";
				TargetAttributes = {
					CC55BBD21B62734E00BE7186 = {
						CreatedOnToolsVersion = 6.4;
					};
				};
			};
			buildConfigurationList = CC55BBCE1B62734E00BE7186 /* Build configuration list for PBXProject "InstaProwler" */;
			compatibilityVersion = "Xcode 3.2";
			developmentRegion = English;
			hasScannedForEncodings = 0;
			knownRegions = (
				en,
				Base,
			);
			mainGroup = CC55BBCA1B62734E00BE7186;
			productRefGroup = CC55BBD41B62734E00BE7186 /* Products */;
			projectDirPath = "";
			projectRoot = "";
			targets = (
				CC55BBD21B62734E00BE7186 /* InstaProwler */,
			);
		};
/* End PBXProject section */

/* Begin PBXResourcesBuildPhase section */
		CC55BBD11B62734E00BE7186 /* Resources */ = {
			isa = PBXResourcesBuildPhase;
			buildActionMask = 2147483647;
			files = (
				CC55BBE71B62734E00BE7186 /* LaunchScreen.xib in Resources */,
				CC8E1CC31B667C0800F1F1F3 /* MediaFeedCell.xib in Resources */,
				CC55BC091B62759A00BE7186 /* Images.xcassets in Resources */,
				CC55BC141B62773200BE7186 /* SearchViewController.xib in Resources */,
				CC8E1CBE1B667B4F00F1F1F3 /* MediaFeedViewController.xib in Resources */,
			);
			runOnlyForDeploymentPostprocessing = 0;
		};
/* End PBXResourcesBuildPhase section */

/* Begin PBXShellScriptBuildPhase section */
		440F2BCF828108201F3AD25D /* Copy Pods Resources */ = {
			isa = PBXShellScriptBuildPhase;
			buildActionMask = 2147483647;
			files = (
			);
			inputPaths = (
			);
			name = "Copy Pods Resources";
			outputPaths = (
			);
			runOnlyForDeploymentPostprocessing = 0;
			shellPath = /bin/sh;
			shellScript = "\"${SRCROOT}/Pods/Target Support Files/Pods/Pods-resources.sh\"\n";
			showEnvVarsInLog = 0;
		};
		F0BF45556B286F1C2F677798 /* Check Pods Manifest.lock */ = {
			isa = PBXShellScriptBuildPhase;
			buildActionMask = 2147483647;
			files = (
			);
			inputPaths = (
			);
			name = "Check Pods Manifest.lock";
			outputPaths = (
			);
			runOnlyForDeploymentPostprocessing = 0;
			shellPath = /bin/sh;
			shellScript = "diff \"${PODS_ROOT}/../Podfile.lock\" \"${PODS_ROOT}/Manifest.lock\" > /dev/null\nif [[ $? != 0 ]] ; then\n    cat << EOM\nerror: The sandbox is not in sync with the Podfile.lock. Run 'pod install' or update your CocoaPods installation.\nEOM\n    exit 1\nfi\n";
			showEnvVarsInLog = 0;
		};
/* End PBXShellScriptBuildPhase section */

/* Begin PBXSourcesBuildPhase section */
		CC55BBCF1B62734E00BE7186 /* Sources */ = {
			isa = PBXSourcesBuildPhase;
			buildActionMask = 2147483647;
			files = (
				CC8E1CC61B667EBE00F1F1F3 /* UIView+Additions.m in Sources */,
				CC8E1CC21B667C0800F1F1F3 /* MediaFeedCell.m in Sources */,
				CC55BC0E1B6275C200BE7186 /* main.m in Sources */,
				CC8E1C9C1B627E6D00F1F1F3 /* UIApplication+Additions.m in Sources */,
				CC8E1CAA1B63D58F00F1F1F3 /* InstagramMediaItem.m in Sources */,
				CC8E1CB31B63E6E500F1F1F3 /* InstagramMediaItemsModelImpl.m in Sources */,
				CC55BC131B62773200BE7186 /* SearchViewController.m in Sources */,
				CC8E1CBD1B667B4F00F1F1F3 /* MediaFeedViewController.m in Sources */,
				CC8E1CA71B63CCEC00F1F1F3 /* InstagramUser.m in Sources */,
				CC8E1C9F1B627F4400F1F1F3 /* ServicesObjectionModule.m in Sources */,
				CC8E1CC91B66827E00F1F1F3 /* MediaItemCommentsView.m in Sources */,
				CC8E1CA41B62800500F1F1F3 /* InstagramServiceImpl.m in Sources */,
				CC55BC211B627C0A00BE7186 /* NotificationHandler.m in Sources */,
				CC55BC221B627C0A00BE7186 /* QueueServiceImpl.m in Sources */,
				CC8E1CAF1B63E65700F1F1F3 /* ModelsObjectionModule.m in Sources */,
				CC8E1CCC1B66941500F1F1F3 /* NSError+Additions.m in Sources */,
				CC8E1CD41B66B3BD00F1F1F3 /* ImageDownloadProgressTicket.m in Sources */,
				CC55BC051B62754F00BE7186 /* AppDelegate.m in Sources */,
				CC8E1CD11B6698A700F1F1F3 /* ImageDownloadModelImpl.m in Sources */,
				CC55BC201B627C0A00BE7186 /* HttpServiceImpl.m in Sources */,
			);
			runOnlyForDeploymentPostprocessing = 0;
		};
/* End PBXSourcesBuildPhase section */

/* Begin PBXVariantGroup section */
		CC55BBE51B62734E00BE7186 /* LaunchScreen.xib */ = {
			isa = PBXVariantGroup;
			children = (
				CC55BBE61B62734E00BE7186 /* Base */,
			);
			name = LaunchScreen.xib;
			path = ../..;
			sourceTree = "<group>";
		};
/* End PBXVariantGroup section */

/* Begin XCBuildConfiguration section */
		CC55BBF41B62734E00BE7186 /* Debug */ = {
			isa = XCBuildConfiguration;
			buildSettings = {
				ALWAYS_SEARCH_USER_PATHS = NO;
				CLANG_CXX_LANGUAGE_STANDARD = "gnu++0x";
				CLANG_CXX_LIBRARY = "libc++";
				CLANG_ENABLE_MODULES = YES;
				CLANG_ENABLE_OBJC_ARC = YES;
				CLANG_WARN_BOOL_CONVERSION = YES;
				CLANG_WARN_CONSTANT_CONVERSION = YES;
				CLANG_WARN_DIRECT_OBJC_ISA_USAGE = YES_ERROR;
				CLANG_WARN_EMPTY_BODY = YES;
				CLANG_WARN_ENUM_CONVERSION = YES;
				CLANG_WARN_INT_CONVERSION = YES;
				CLANG_WARN_OBJC_ROOT_CLASS = YES_ERROR;
				CLANG_WARN_UNREACHABLE_CODE = YES;
				CLANG_WARN__DUPLICATE_METHOD_MATCH = YES;
				"CODE_SIGN_IDENTITY[sdk=iphoneos*]" = "iPhone Developer";
				COPY_PHASE_STRIP = NO;
				DEBUG_INFORMATION_FORMAT = "dwarf-with-dsym";
				ENABLE_STRICT_OBJC_MSGSEND = YES;
				GCC_C_LANGUAGE_STANDARD = gnu99;
				GCC_DYNAMIC_NO_PIC = NO;
				GCC_NO_COMMON_BLOCKS = YES;
				GCC_OPTIMIZATION_LEVEL = 0;
				GCC_PREPROCESSOR_DEFINITIONS = (
					"DEBUG=1",
					"$(inherited)",
				);
				GCC_SYMBOLS_PRIVATE_EXTERN = NO;
				GCC_WARN_64_TO_32_BIT_CONVERSION = YES;
				GCC_WARN_ABOUT_RETURN_TYPE = YES_ERROR;
				GCC_WARN_UNDECLARED_SELECTOR = YES;
				GCC_WARN_UNINITIALIZED_AUTOS = YES_AGGRESSIVE;
				GCC_WARN_UNUSED_FUNCTION = YES;
				GCC_WARN_UNUSED_VARIABLE = YES;
				INFOPLIST_FILE = "";
				IPHONEOS_DEPLOYMENT_TARGET = 8.4;
				MTL_ENABLE_DEBUG_INFO = YES;
				ONLY_ACTIVE_ARCH = YES;
				SDKROOT = iphoneos;
			};
			name = Debug;
		};
		CC55BBF51B62734E00BE7186 /* Release */ = {
			isa = XCBuildConfiguration;
			buildSettings = {
				ALWAYS_SEARCH_USER_PATHS = NO;
				CLANG_CXX_LANGUAGE_STANDARD = "gnu++0x";
				CLANG_CXX_LIBRARY = "libc++";
				CLANG_ENABLE_MODULES = YES;
				CLANG_ENABLE_OBJC_ARC = YES;
				CLANG_WARN_BOOL_CONVERSION = YES;
				CLANG_WARN_CONSTANT_CONVERSION = YES;
				CLANG_WARN_DIRECT_OBJC_ISA_USAGE = YES_ERROR;
				CLANG_WARN_EMPTY_BODY = YES;
				CLANG_WARN_ENUM_CONVERSION = YES;
				CLANG_WARN_INT_CONVERSION = YES;
				CLANG_WARN_OBJC_ROOT_CLASS = YES_ERROR;
				CLANG_WARN_UNREACHABLE_CODE = YES;
				CLANG_WARN__DUPLICATE_METHOD_MATCH = YES;
				"CODE_SIGN_IDENTITY[sdk=iphoneos*]" = "iPhone Developer";
				COPY_PHASE_STRIP = NO;
				DEBUG_INFORMATION_FORMAT = "dwarf-with-dsym";
				ENABLE_NS_ASSERTIONS = NO;
				ENABLE_STRICT_OBJC_MSGSEND = YES;
				GCC_C_LANGUAGE_STANDARD = gnu99;
				GCC_NO_COMMON_BLOCKS = YES;
				GCC_WARN_64_TO_32_BIT_CONVERSION = YES;
				GCC_WARN_ABOUT_RETURN_TYPE = YES_ERROR;
				GCC_WARN_UNDECLARED_SELECTOR = YES;
				GCC_WARN_UNINITIALIZED_AUTOS = YES_AGGRESSIVE;
				GCC_WARN_UNUSED_FUNCTION = YES;
				GCC_WARN_UNUSED_VARIABLE = YES;
				INFOPLIST_FILE = "";
				IPHONEOS_DEPLOYMENT_TARGET = 8.4;
				MTL_ENABLE_DEBUG_INFO = NO;
				SDKROOT = iphoneos;
				VALIDATE_PRODUCT = YES;
			};
			name = Release;
		};
		CC55BBF71B62734E00BE7186 /* Debug */ = {
			isa = XCBuildConfiguration;
			baseConfigurationReference = 419FFF3CB4A045994EBF5D99 /* Pods.debug.xcconfig */;
			buildSettings = {
				ASSETCATALOG_COMPILER_APPICON_NAME = AppIcon;
				INFOPLIST_FILE = "InstaProwler/Supporting Files/Info.plist";
				LD_RUNPATH_SEARCH_PATHS = "$(inherited) @executable_path/Frameworks";
				PRODUCT_NAME = "$(TARGET_NAME)";
			};
			name = Debug;
		};
		CC55BBF81B62734E00BE7186 /* Release */ = {
			isa = XCBuildConfiguration;
			baseConfigurationReference = BA19EC0AB082CCFCA7D7A536 /* Pods.release.xcconfig */;
			buildSettings = {
				ASSETCATALOG_COMPILER_APPICON_NAME = AppIcon;
				INFOPLIST_FILE = "InstaProwler/Supporting Files/Info.plist";
				LD_RUNPATH_SEARCH_PATHS = "$(inherited) @executable_path/Frameworks";
				PRODUCT_NAME = "$(TARGET_NAME)";
			};
			name = Release;
		};
/* End XCBuildConfiguration section */

/* Begin XCConfigurationList section */
		CC55BBCE1B62734E00BE7186 /* Build configuration list for PBXProject "InstaProwler" */ = {
			isa = XCConfigurationList;
			buildConfigurations = (
				CC55BBF41B62734E00BE7186 /* Debug */,
				CC55BBF51B62734E00BE7186 /* Release */,
			);
			defaultConfigurationIsVisible = 0;
			defaultConfigurationName = Release;
		};
		CC55BBF61B62734E00BE7186 /* Build configuration list for PBXNativeTarget "InstaProwler" */ = {
			isa = XCConfigurationList;
			buildConfigurations = (
				CC55BBF71B62734E00BE7186 /* Debug */,
				CC55BBF81B62734E00BE7186 /* Release */,
			);
			defaultConfigurationIsVisible = 0;
			defaultConfigurationName = Release;
		};
/* End XCConfigurationList section */
	};
	rootObject = CC55BBCB1B62734E00BE7186 /* Project object */;
}
