PODS:
  - AFNetworking (2.5.4):
    - AFNetworking/NSURLConnection (= 2.5.4)
    - AFNetworking/NSURLSession (= 2.5.4)
    - AFNetworking/Reachability (= 2.5.4)
    - AFNetworking/Security (= 2.5.4)
    - AFNetworking/Serialization (= 2.5.4)
    - AFNetworking/UIKit (= 2.5.4)
  - AFNetworking/NSURLConnection (2.5.4):
    - AFNetworking/Reachability
    - AFNetworking/Security
    - AFNetworking/Serialization
  - AFNetworking/NSURLSession (2.5.4):
    - AFNetworking/Reachability
    - AFNetworking/Security
    - AFNetworking/Serialization
  - AFNetworking/Reachability (2.5.4)
  - AFNetworking/Security (2.5.4)
  - AFNetworking/Serialization (2.5.4)
  - AFNetworking/UIKit (2.5.4):
    - AFNetworking/NSURLConnection
    - AFNetworking/NSURLSession
  - Objection (1.6)
  - Reachability (3.2)
  - SVPullToRefresh (0.4.1)
  - UAProgressView (0.1.2)

DEPENDENCIES:
  - AFNetworking (~> 2.0)
  - Objection (~> 1.5)
  - Reachability (~> 3.2)
  - SVPullToRefresh (from `https://github.com/samvermette/SVPullToRefresh.git`, commit
    `a5f9dfee86a27c4e994d7edf93d0768c881d58bb`)
  - UAProgressView

EXTERNAL SOURCES:
  SVPullToRefresh:
    :commit: a5f9dfee86a27c4e994d7edf93d0768c881d58bb
    :git: https://github.com/samvermette/SVPullToRefresh.git

CHECKOUT OPTIONS:
  SVPullToRefresh:
    :commit: a5f9dfee86a27c4e994d7edf93d0768c881d58bb
    :git: https://github.com/samvermette/SVPullToRefresh.git

SPEC CHECKSUMS:
  AFNetworking: 05edc0ac4c4c8cf57bcf4b84be5b0744b6d8e71e
  Objection: 4833664098b86a8418f656bf5d9851a3fa6d7e41
  Reachability: 33e18b67625424e47b6cde6d202dce689ad7af96
  SVPullToRefresh: ba2e718695a43253d8bea6852d2960097dc15d8c
  UAProgressView: 4ef6d60b4e060884cb0315e7628256f998744247

COCOAPODS: 0.38.0
